
Microsoft Visual Studio Solution File, Format Version 12.00
# Visual Studio Version 17
VisualStudioVersion = 17.5.002.0
MinimumVisualStudioVersion = 10.0.40219.1
Project("{9A19103F-16F7-4668-BE54-9A1E7A4F7556}") = "WarehouseApi", "WarehouseApi.csproj", "{7333903F-7925-4FBF-A8DA-98049834DA93}"
EndProject
Global
	GlobalSection(SolutionConfigurationPlatforms) = preSolution
		Debug|Any CPU = Debug|Any CPU
		Release|Any CPU = Release|Any CPU
	EndGlobalSection
	GlobalSection(ProjectConfigurationPlatforms) = postSolution
		{7333903F-7925-4FBF-A8DA-98049834DA93}.Debug|Any CPU.ActiveCfg = Debug|Any CPU
		{7333903F-7925-4FBF-A8DA-98049834DA93}.Debug|Any CPU.Build.0 = Debug|Any CPU
		{7333903F-7925-4FBF-A8DA-98049834DA93}.Release|Any CPU.ActiveCfg = Release|Any CPU
		{7333903F-7925-4FBF-A8DA-98049834DA93}.Release|Any CPU.Build.0 = Release|Any CPU
	EndGlobalSection
	GlobalSection(SolutionProperties) = preSolution
		HideSolutionNode = FALSE
	EndGlobalSection
	GlobalSection(ExtensibilityGlobals) = postSolution
		SolutionGuid = {CBC9DA6C-809C-4A69-BD87-BF78CC491C10}
	EndGlobalSection
EndGlobal
